{
  "name": "design-artifacts-driver",
  "version": "0.0.0",
  "lockfileVersion": 3,
  "requires": true,
  "packages": {
    "": {
      "name": "design-artifacts-driver",
      "version": "0.0.0",
      "dependencies": {
        "@design-parity/candidate": "^0.1.25",
        "@design-parity/catalog-export": "^0.1.25",
        "pixelmatch": "^6.0.0",
        "playwright": "^1.49.0",
        "pngjs": "^7.0.0"
      },
      "engines": {
        "node": ">=22"
      }
    },
    "node_modules/@design-parity/candidate": {
      "version": "0.1.29",
      "resolved": "https://registry.npmjs.org/@design-parity/candidate/-/candidate-0.1.29.tgz",
      "integrity": "sha512-Cvgc0S337d54z96EKFD3QWPa/zUKYtkDyk9/HuRuuMBFHKd/gBo9sSewnMmTDy/2n6Y21zQy0QsMgXf9Y1dwmA==",
      "license": "Apache-2.0",
      "dependencies": {
        "@design-parity/core": "^0.1.29",
        "fflate": "^0.8.2"
      }
    },
    "node_modules/@design-parity/catalog-export": {
      "version": "0.1.29",
      "resolved": "https://registry.npmjs.org/@design-parity/catalog-export/-/catalog-export-0.1.29.tgz",
      "integrity": "sha512-d+jqFHaqKovDMdfRY6i6AjxGXeeZvuaQcAALUPekJDHxexyl/n+d6kESs7Xf7xTqf4C8Fc4fS93MpAs3VPMUsA==",
      "license": "Apache-2.0",
      "dependencies": {
        "@design-parity/core": "^0.1.29"
      }
    },
    "node_modules/@design-parity/core": {
      "version": "0.1.29",
      "resolved": "https://registry.npmjs.org/@design-parity/core/-/core-0.1.29.tgz",
      "integrity": "sha512-HAVi/hbVYoE0zucT36YC83awfiq3GxJYW8X+BvvzVjb5Nhsomm/X95720KvhXZFCUUp0fBfGXY0dehaVgX99lw==",
      "license": "Apache-2.0",
      "dependencies": {
        "ajv": "^8.17.1"
      },
      "bin": {
        "design-parity-validate-map": "dist/cli/validate-design-map.js",
        "design-parity-validate-tokens": "dist/cli/validate-dtcg.js"
      }
    },
    "node_modules/ajv": {
      "version": "8.20.0",
      "resolved": "https://registry.npmjs.org/ajv/-/ajv-8.20.0.tgz",
      "integrity": "sha512-Thbli+OlOj+iMPYFBVBfJ3OmCAnaSyNn4M1vz9T6Gka5Jt9ba/HIR56joy65tY6kx/FCF5VXNB819Y7/GUrBGA==",
      "license": "MIT",
      "dependencies": {
        "fast-deep-equal": "^3.1.3",
        "fast-uri": "^3.0.1",
        "json-schema-traverse": "^1.0.0",
        "require-from-string": "^2.0.2"
      },
      "funding": {
        "type": "github",
        "url": "https://github.com/sponsors/epoberezkin"
      }
    },
    "node_modules/fast-deep-equal": {
      "version": "3.1.3",
      "resolved": "https://registry.npmjs.org/fast-deep-equal/-/fast-deep-equal-3.1.3.tgz",
      "integrity": "sha512-f3qQ9oQy9j2AhBe/H9VC91wLmKBCCU/gDOnKNAYG5hswO7BLKj09Hc5HYNz9cGI++xlpDCIgDaitVs03ATR84Q==",
      "license": "MIT"
    },
    "node_modules/fast-uri": {
      "version": "3.1.4",
      "resolved": "https://registry.npmjs.org/fast-uri/-/fast-uri-3.1.4.tgz",
      "integrity": "sha512-8JnbkQ4juDyvYs4mgFGQqg4yCYtFDtUtmp2QIQq11ZZe5CFQ5wcqm1rqDgAh/QdMySuBnPzMUiJUNZG5N/AiQw==",
      "funding": [
        {
          "type": "github",
          "url": "https://github.com/sponsors/fastify"
        },
        {
          "type": "opencollective",
          "url": "https://opencollective.com/fastify"
        }
      ],
      "license": "BSD-3-Clause"
    },
    "node_modules/fflate": {
      "version": "0.8.3",
      "resolved": "https://registry.npmjs.org/fflate/-/fflate-0.8.3.tgz",
      "integrity": "sha512-tbZNuJrLwGUp3zshBtdy4W+ORxZuIh8a5ilyIEQDC5rY1f3U20JMry0Ll3WBzU58EZKsEuJFXhb5gwv8CsPvgA==",
      "license": "MIT"
    },
    "node_modules/fsevents": {
      "version": "2.3.2",
      "resolved": "https://registry.npmjs.org/fsevents/-/fsevents-2.3.2.tgz",
      "integrity": "sha512-xiqMQR4xAeHTuB9uWm+fFRcIOgKBMiOBP+eXiyT7jsgVCq1bkVygt00oASowB7EdtpOHaaPgKt812P9ab+DDKA==",
      "hasInstallScript": true,
      "license": "MIT",
      "optional": true,
      "os": [
        "darwin"
      ],
      "engines": {
        "node": "^8.16.0 || ^10.6.0 || >=11.0.0"
      }
    },
    "node_modules/json-schema-traverse": {
      "version": "1.0.0",
      "resolved": "https://registry.npmjs.org/json-schema-traverse/-/json-schema-traverse-1.0.0.tgz",
      "integrity": "sha512-NM8/P9n3XjXhIZn1lLhkFaACTOURQXjWhV4BA/RnOv8xvgqtqpAX9IO4mRQxSx1Rlo4tqzeqb0sOlruaOy3dug==",
      "license": "MIT"
    },
    "node_modules/pixelmatch": {
      "version": "6.0.0",
      "resolved": "https://registry.npmjs.org/pixelmatch/-/pixelmatch-6.0.0.tgz",
      "integrity": "sha512-FYpL4XiIWakTnIqLqvt3uN4L9B3TsuHIvhLILzTiJZMJUsGvmKNeL4H3b6I99LRyerK9W4IuOXw+N28AtRgK2g==",
      "license": "ISC",
      "dependencies": {
        "pngjs": "^7.0.0"
      },
      "bin": {
        "pixelmatch": "bin/pixelmatch"
      }
    },
    "node_modules/playwright": {
      "version": "1.62.0",
      "resolved": "https://registry.npmjs.org/playwright/-/playwright-1.62.0.tgz",
      "integrity": "sha512-Z14dG305dgaLu6foB1TXQagFiW8JfSUIUaUuPaKQ6NtBPKF1P/qXcqfh6c6K/icPqdy37JmjbiBXf6JNg6Sylw==",
      "license": "Apache-2.0",
      "dependencies": {
        "playwright-core": "1.62.0"
      },
      "bin": {
        "playwright": "cli.js"
      },
      "engines": {
        "node": ">=20"
      },
      "optionalDependencies": {
        "fsevents": "2.3.2"
      }
    },
    "node_modules/playwright-core": {
      "version": "1.62.0",
      "resolved": "https://registry.npmjs.org/playwright-core/-/playwright-core-1.62.0.tgz",
      "integrity": "sha512-nsNRyq0r2zsG8AcRHWknc9QRA5XCueC7gWMrs+Gx2tlZn9hcl8zudfh00lhJPY1DE7NmZ6bDsT9g2yey8mXljA==",
      "license": "Apache-2.0",
      "bin": {
        "playwright-core": "cli.js"
      },
      "engines": {
        "node": ">=20"
      }
    },
    "node_modules/pngjs": {
      "version": "7.0.0",
      "resolved": "https://registry.npmjs.org/pngjs/-/pngjs-7.0.0.tgz",
      "integrity": "sha512-LKWqWJRhstyYo9pGvgor/ivk2w94eSjE3RGVuzLGlr3NmD8bf7RcYGze1mNdEHRP6TRP6rMuDHk5t44hnTRyow==",
      "license": "MIT",
      "engines": {
        "node": ">=14.19.0"
      }
    },
    "node_modules/require-from-string": {
      "version": "2.0.2",
      "resolved": "https://registry.npmjs.org/require-from-string/-/require-from-string-2.0.2.tgz",
      "integrity": "sha512-Xf0nWe6RseziFMu+Ap9biiUbmplq6S9/p+7w7YXP/JBHhrUDDUhwa+vANyubuqfZWTveU//DYVGsDG7RKL/vEw==",
      "license": "MIT",
      "engines": {
        "node": ">=0.10.0"
      }
    }
  }
}
